
Microsoft Visual Studio Solution File, Format Version 12.00
# Visual Studio Version 17
VisualStudioVersion = 17.0.31903.59
MinimumVisualStudioVersion = 10.0.40219.1
Project("{2150E333-8FDC-42A3-9474-1A3956D46DE8}") = "compartilhados", "compartilhados", "{EE5B8B5C-73A7-4FE6-A8B7-02D5A9B9B2A5}"
EndProject
Project("{2150E333-8FDC-42A3-9474-1A3956D46DE8}") = "core", "core", "{6F46CABD-0788-2EB6-8FE5-C5518503D335}"
EndProject
Project("{FAE04EC0-301F-11D3-BF4B-00C04F79EFBC}") = "Core", "compartilhados\core\Core\Core.csproj", "{6EB698AE-8594-4F6E-B27B-25D95170205C}"
EndProject
Project("{2150E333-8FDC-42A3-9474-1A3956D46DE8}") = "webApi.core", "webApi.core", "{047C19B6-DDC9-2D68-EDA4-B2E59ED1F025}"
EndProject
Project("{FAE04EC0-301F-11D3-BF4B-00C04F79EFBC}") = "WebApi.Core", "compartilhados\webApi.core\WebApi.Core\WebApi.Core.csproj", "{CE917921-E3D3-414A-A1A0-B1C8FEF26FD0}"
EndProject
Project("{2150E333-8FDC-42A3-9474-1A3956D46DE8}") = "dominios", "dominios", "{A79718F4-2761-E0C8-0284-9C0CB45AD99E}"
EndProject
Project("{FAE04EC0-301F-11D3-BF4B-00C04F79EFBC}") = "Dominios", "dominios\Dominios\Dominios.csproj", "{946E1AB0-0BD6-42FE-BF65-963F5D911F42}"
EndProject
Project("{2150E333-8FDC-42A3-9474-1A3956D46DE8}") = "repositorios", "repositorios", "{67FB3DA7-CBDF-99C2-AE85-824491A3AD53}"
EndProject
Project("{FAE04EC0-301F-11D3-BF4B-00C04F79EFBC}") = "Repositorios", "repositorios\Repositorios\Repositorios.csproj", "{7F1B5F08-7B0F-4CCF-83E9-183F2CF41499}"
EndProject
Project("{2150E333-8FDC-42A3-9474-1A3956D46DE8}") = "servicos", "servicos", "{E5126BE5-0B6A-3442-FD6A-CA69C08E918E}"
EndProject
Project("{2150E333-8FDC-42A3-9474-1A3956D46DE8}") = "api", "api", "{11FF64BF-A7D3-2F78-8A94-6F6C7878F143}"
EndProject
Project("{FAE04EC0-301F-11D3-BF4B-00C04F79EFBC}") = "Api", "servicos\api\Api\Api.csproj", "{ECE4B310-24B6-4195-B37D-D8F0F2EC9742}"
EndProject
Global
	GlobalSection(SolutionConfigurationPlatforms) = preSolution
		Debug|Any CPU = Debug|Any CPU
		Debug|x64 = Debug|x64
		Debug|x86 = Debug|x86
		Release|Any CPU = Release|Any CPU
		Release|x64 = Release|x64
		Release|x86 = Release|x86
	EndGlobalSection
	GlobalSection(ProjectConfigurationPlatforms) = postSolution
		{6EB698AE-8594-4F6E-B27B-25D95170205C}.Debug|Any CPU.ActiveCfg = Debug|Any CPU
		{6EB698AE-8594-4F6E-B27B-25D95170205C}.Debug|Any CPU.Build.0 = Debug|Any CPU
		{6EB698AE-8594-4F6E-B27B-25D95170205C}.Debug|x64.ActiveCfg = Debug|Any CPU
		{6EB698AE-8594-4F6E-B27B-25D95170205C}.Debug|x64.Build.0 = Debug|Any CPU
		{6EB698AE-8594-4F6E-B27B-25D95170205C}.Debug|x86.ActiveCfg = Debug|Any CPU
		{6EB698AE-8594-4F6E-B27B-25D95170205C}.Debug|x86.Build.0 = Debug|Any CPU
		{6EB698AE-8594-4F6E-B27B-25D95170205C}.Release|Any CPU.ActiveCfg = Release|Any CPU
		{6EB698AE-8594-4F6E-B27B-25D95170205C}.Release|Any CPU.Build.0 = Release|Any CPU
		{6EB698AE-8594-4F6E-B27B-25D95170205C}.Release|x64.ActiveCfg = Release|Any CPU
		{6EB698AE-8594-4F6E-B27B-25D95170205C}.Release|x64.Build.0 = Release|Any CPU
		{6EB698AE-8594-4F6E-B27B-25D95170205C}.Release|x86.ActiveCfg = Release|Any CPU
		{6EB698AE-8594-4F6E-B27B-25D95170205C}.Release|x86.Build.0 = Release|Any CPU
		{CE917921-E3D3-414A-A1A0-B1C8FEF26FD0}.Debug|Any CPU.ActiveCfg = Debug|Any CPU
		{CE917921-E3D3-414A-A1A0-B1C8FEF26FD0}.Debug|Any CPU.Build.0 = Debug|Any CPU
		{CE917921-E3D3-414A-A1A0-B1C8FEF26FD0}.Debug|x64.ActiveCfg = Debug|Any CPU
		{CE917921-E3D3-414A-A1A0-B1C8FEF26FD0}.Debug|x64.Build.0 = Debug|Any CPU
		{CE917921-E3D3-414A-A1A0-B1C8FEF26FD0}.Debug|x86.ActiveCfg = Debug|Any CPU
		{CE917921-E3D3-414A-A1A0-B1C8FEF26FD0}.Debug|x86.Build.0 = Debug|Any CPU
		{CE917921-E3D3-414A-A1A0-B1C8FEF26FD0}.Release|Any CPU.ActiveCfg = Release|Any CPU
		{CE917921-E3D3-414A-A1A0-B1C8FEF26FD0}.Release|Any CPU.Build.0 = Release|Any CPU
		{CE917921-E3D3-414A-A1A0-B1C8FEF26FD0}.Release|x64.ActiveCfg = Release|Any CPU
		{CE917921-E3D3-414A-A1A0-B1C8FEF26FD0}.Release|x64.Build.0 = Release|Any CPU
		{CE917921-E3D3-414A-A1A0-B1C8FEF26FD0}.Release|x86.ActiveCfg = Release|Any CPU
		{CE917921-E3D3-414A-A1A0-B1C8FEF26FD0}.Release|x86.Build.0 = Release|Any CPU
		{946E1AB0-0BD6-42FE-BF65-963F5D911F42}.Debug|Any CPU.ActiveCfg = Debug|Any CPU
		{946E1AB0-0BD6-42FE-BF65-963F5D911F42}.Debug|Any CPU.Build.0 = Debug|Any CPU
		{946E1AB0-0BD6-42FE-BF65-963F5D911F42}.Debug|x64.ActiveCfg = Debug|Any CPU
		{946E1AB0-0BD6-42FE-BF65-963F5D911F42}.Debug|x64.Build.0 = Debug|Any CPU
		{946E1AB0-0BD6-42FE-BF65-963F5D911F42}.Debug|x86.ActiveCfg = Debug|Any CPU
		{946E1AB0-0BD6-42FE-BF65-963F5D911F42}.Debug|x86.Build.0 = Debug|Any CPU
		{946E1AB0-0BD6-42FE-BF65-963F5D911F42}.Release|Any CPU.ActiveCfg = Release|Any CPU
		{946E1AB0-0BD6-42FE-BF65-963F5D911F42}.Release|Any CPU.Build.0 = Release|Any CPU
		{946E1AB0-0BD6-42FE-BF65-963F5D911F42}.Release|x64.ActiveCfg = Release|Any CPU
		{946E1AB0-0BD6-42FE-BF65-963F5D911F42}.Release|x64.Build.0 = Release|Any CPU
		{946E1AB0-0BD6-42FE-BF65-963F5D911F42}.Release|x86.ActiveCfg = Release|Any CPU
		{946E1AB0-0BD6-42FE-BF65-963F5D911F42}.Release|x86.Build.0 = Release|Any CPU
		{7F1B5F08-7B0F-4CCF-83E9-183F2CF41499}.Debug|Any CPU.ActiveCfg = Debug|Any CPU
		{7F1B5F08-7B0F-4CCF-83E9-183F2CF41499}.Debug|Any CPU.Build.0 = Debug|Any CPU
		{7F1B5F08-7B0F-4CCF-83E9-183F2CF41499}.Debug|x64.ActiveCfg = Debug|Any CPU
		{7F1B5F08-7B0F-4CCF-83E9-183F2CF41499}.Debug|x64.Build.0 = Debug|Any CPU
		{7F1B5F08-7B0F-4CCF-83E9-183F2CF41499}.Debug|x86.ActiveCfg = Debug|Any CPU
		{7F1B5F08-7B0F-4CCF-83E9-183F2CF41499}.Debug|x86.Build.0 = Debug|Any CPU
		{7F1B5F08-7B0F-4CCF-83E9-183F2CF41499}.Release|Any CPU.ActiveCfg = Release|Any CPU
		{7F1B5F08-7B0F-4CCF-83E9-183F2CF41499}.Release|Any CPU.Build.0 = Release|Any CPU
		{7F1B5F08-7B0F-4CCF-83E9-183F2CF41499}.Release|x64.ActiveCfg = Release|Any CPU
		{7F1B5F08-7B0F-4CCF-83E9-183F2CF41499}.Release|x64.Build.0 = Release|Any CPU
		{7F1B5F08-7B0F-4CCF-83E9-183F2CF41499}.Release|x86.ActiveCfg = Release|Any CPU
		{7F1B5F08-7B0F-4CCF-83E9-183F2CF41499}.Release|x86.Build.0 = Release|Any CPU
		{ECE4B310-24B6-4195-B37D-D8F0F2EC9742}.Debug|Any CPU.ActiveCfg = Debug|Any CPU
		{ECE4B310-24B6-4195-B37D-D8F0F2EC9742}.Debug|Any CPU.Build.0 = Debug|Any CPU
		{ECE4B310-24B6-4195-B37D-D8F0F2EC9742}.Debug|x64.ActiveCfg = Debug|Any CPU
		{ECE4B310-24B6-4195-B37D-D8F0F2EC9742}.Debug|x64.Build.0 = Debug|Any CPU
		{ECE4B310-24B6-4195-B37D-D8F0F2EC9742}.Debug|x86.ActiveCfg = Debug|Any CPU
		{ECE4B310-24B6-4195-B37D-D8F0F2EC9742}.Debug|x86.Build.0 = Debug|Any CPU
		{ECE4B310-24B6-4195-B37D-D8F0F2EC9742}.Release|Any CPU.ActiveCfg = Release|Any CPU
		{ECE4B310-24B6-4195-B37D-D8F0F2EC9742}.Release|Any CPU.Build.0 = Release|Any CPU
		{ECE4B310-24B6-4195-B37D-D8F0F2EC9742}.Release|x64.ActiveCfg = Release|Any CPU
		{ECE4B310-24B6-4195-B37D-D8F0F2EC9742}.Release|x64.Build.0 = Release|Any CPU
		{ECE4B310-24B6-4195-B37D-D8F0F2EC9742}.Release|x86.ActiveCfg = Release|Any CPU
		{ECE4B310-24B6-4195-B37D-D8F0F2EC9742}.Release|x86.Build.0 = Release|Any CPU
	EndGlobalSection
	GlobalSection(SolutionProperties) = preSolution
		HideSolutionNode = FALSE
	EndGlobalSection
	GlobalSection(NestedProjects) = preSolution
		{6F46CABD-0788-2EB6-8FE5-C5518503D335} = {EE5B8B5C-73A7-4FE6-A8B7-02D5A9B9B2A5}
		{6EB698AE-8594-4F6E-B27B-25D95170205C} = {6F46CABD-0788-2EB6-8FE5-C5518503D335}
		{047C19B6-DDC9-2D68-EDA4-B2E59ED1F025} = {EE5B8B5C-73A7-4FE6-A8B7-02D5A9B9B2A5}
		{CE917921-E3D3-414A-A1A0-B1C8FEF26FD0} = {047C19B6-DDC9-2D68-EDA4-B2E59ED1F025}
		{946E1AB0-0BD6-42FE-BF65-963F5D911F42} = {A79718F4-2761-E0C8-0284-9C0CB45AD99E}
		{7F1B5F08-7B0F-4CCF-83E9-183F2CF41499} = {67FB3DA7-CBDF-99C2-AE85-824491A3AD53}
		{11FF64BF-A7D3-2F78-8A94-6F6C7878F143} = {E5126BE5-0B6A-3442-FD6A-CA69C08E918E}
		{ECE4B310-24B6-4195-B37D-D8F0F2EC9742} = {11FF64BF-A7D3-2F78-8A94-6F6C7878F143}
	EndGlobalSection
EndGlobal
